{
  "originHash" : "c01404c65f5a2ec8ec228c3cc77de7059453558f59e0d8de2c16909cc8183837",
  "pins" : [
    {
      "identity" : "dswaveformimage",
      "kind" : "remoteSourceControl",
      "location" : "https://github.com/dmrschmidt/DSWaveformImage.git",
      "state" : {
        "revision" : "4c56578ee10128ee2b2c04c9c5aa73812de722db",
        "version" : "14.2.2"
      }
    },
    {
      "identity" : "generative-ai-swift",
      "kind" : "remoteSourceControl",
      "location" : "https://github.com/google-gemini/generative-ai-swift.git",
      "state" : {
        "revision" : "44b8ce120425f9cf53ca756f3434ca2c2696f8bd",
        "version" : "0.5.6"
      }
    }
  ],
  "version" : 3
}
